
Microsoft Visual Studio Solution File, Format Version 12.00
# Visual Studio 15
VisualStudioVersion = 15.0.27703.2035
MinimumVisualStudioVersion = 10.0.40219.1
Project("{9A19103F-16F7-4668-BE54-9A1E7A4F7556}") = "MM.Helper", "MM.Helper\MM.Helper.csproj", "{84FCB435-A6FE-41D9-B32A-174B8A7F6072}"
EndProject
Project("{9A19103F-16F7-4668-BE54-9A1E7A4F7556}") = "MM", "MM\MM.csproj", "{A74607E5-B71F-4A1C-A59F-09F84AB5C284}"
EndProject
Project("{FAE04EC0-301F-11D3-BF4B-00C04F79EFBC}") = "MM.Engine", "MM.Engine\MM.Engine.csproj", "{7BDDDA3D-F824-42BC-913A-F4DBBB28CC64}"
EndProject
Project("{9A19103F-16F7-4668-BE54-9A1E7A4F7556}") = "MM.SQL", "MM.SQL\MM.SQL.csproj", "{CA88A903-A408-4C2F-8E66-D2D1E9DEC3A5}"
EndProject
Project("{FAE04EC0-301F-11D3-BF4B-00C04F79EFBC}") = "MM.Common", "MM.Common\MM.Common.csproj", "{ECEDCF63-6EFB-40F4-BD5D-787B3AC6172A}"
EndProject
Project("{FAE04EC0-301F-11D3-BF4B-00C04F79EFBC}") = "MM.API", "MM.API\MM.API.csproj", "{C38BFF3F-58BD-464E-BE32-81D42CB3DE0F}"
EndProject
Project("{FAE04EC0-301F-11D3-BF4B-00C04F79EFBC}") = "MM.Crawler", "MM.Crawler\MM.Crawler.csproj", "{3CDDBFA9-788A-40ED-A4B0-C300B6ADA666}"
EndProject
Project("{FAE04EC0-301F-11D3-BF4B-00C04F79EFBC}") = "MM.Event", "MM.Event\MM.Event.csproj", "{D0E159D0-6EB3-4E56-8FFA-C314E8221727}"
EndProject
Project("{FAE04EC0-301F-11D3-BF4B-00C04F79EFBC}") = "MM.Plugin", "MM.Plugin\MM.Plugin.csproj", "{92039047-CAD0-404F-8956-0F44386E1B24}"
EndProject
Project("{FAE04EC0-301F-11D3-BF4B-00C04F79EFBC}") = "MM.Task", "MM.Task\MM.Task.csproj", "{1F1531D9-C33B-4745-89EF-7A8B4194F49A}"
EndProject
Global
	GlobalSection(SolutionConfigurationPlatforms) = preSolution
		Debug|Any CPU = Debug|Any CPU
		Release|Any CPU = Release|Any CPU
	EndGlobalSection
	GlobalSection(ProjectConfigurationPlatforms) = postSolution
		{84FCB435-A6FE-41D9-B32A-174B8A7F6072}.Debug|Any CPU.ActiveCfg = Debug|Any CPU
		{84FCB435-A6FE-41D9-B32A-174B8A7F6072}.Debug|Any CPU.Build.0 = Debug|Any CPU
		{84FCB435-A6FE-41D9-B32A-174B8A7F6072}.Release|Any CPU.ActiveCfg = Release|Any CPU
		{84FCB435-A6FE-41D9-B32A-174B8A7F6072}.Release|Any CPU.Build.0 = Release|Any CPU
		{A74607E5-B71F-4A1C-A59F-09F84AB5C284}.Debug|Any CPU.ActiveCfg = Debug|Any CPU
		{A74607E5-B71F-4A1C-A59F-09F84AB5C284}.Debug|Any CPU.Build.0 = Debug|Any CPU
		{A74607E5-B71F-4A1C-A59F-09F84AB5C284}.Release|Any CPU.ActiveCfg = Release|Any CPU
		{A74607E5-B71F-4A1C-A59F-09F84AB5C284}.Release|Any CPU.Build.0 = Release|Any CPU
		{7BDDDA3D-F824-42BC-913A-F4DBBB28CC64}.Debug|Any CPU.ActiveCfg = Debug|Any CPU
		{7BDDDA3D-F824-42BC-913A-F4DBBB28CC64}.Debug|Any CPU.Build.0 = Debug|Any CPU
		{7BDDDA3D-F824-42BC-913A-F4DBBB28CC64}.Release|Any CPU.ActiveCfg = Release|Any CPU
		{7BDDDA3D-F824-42BC-913A-F4DBBB28CC64}.Release|Any CPU.Build.0 = Release|Any CPU
		{CA88A903-A408-4C2F-8E66-D2D1E9DEC3A5}.Debug|Any CPU.ActiveCfg = Debug|Any CPU
		{CA88A903-A408-4C2F-8E66-D2D1E9DEC3A5}.Debug|Any CPU.Build.0 = Debug|Any CPU
		{CA88A903-A408-4C2F-8E66-D2D1E9DEC3A5}.Release|Any CPU.ActiveCfg = Release|Any CPU
		{CA88A903-A408-4C2F-8E66-D2D1E9DEC3A5}.Release|Any CPU.Build.0 = Release|Any CPU
		{ECEDCF63-6EFB-40F4-BD5D-787B3AC6172A}.Debug|Any CPU.ActiveCfg = Debug|Any CPU
		{ECEDCF63-6EFB-40F4-BD5D-787B3AC6172A}.Debug|Any CPU.Build.0 = Debug|Any CPU
		{ECEDCF63-6EFB-40F4-BD5D-787B3AC6172A}.Release|Any CPU.ActiveCfg = Release|Any CPU
		{ECEDCF63-6EFB-40F4-BD5D-787B3AC6172A}.Release|Any CPU.Build.0 = Release|Any CPU
		{C38BFF3F-58BD-464E-BE32-81D42CB3DE0F}.Debug|Any CPU.ActiveCfg = Debug|Any CPU
		{C38BFF3F-58BD-464E-BE32-81D42CB3DE0F}.Debug|Any CPU.Build.0 = Debug|Any CPU
		{C38BFF3F-58BD-464E-BE32-81D42CB3DE0F}.Release|Any CPU.ActiveCfg = Release|Any CPU
		{C38BFF3F-58BD-464E-BE32-81D42CB3DE0F}.Release|Any CPU.Build.0 = Release|Any CPU
		{3CDDBFA9-788A-40ED-A4B0-C300B6ADA666}.Debug|Any CPU.ActiveCfg = Debug|Any CPU
		{3CDDBFA9-788A-40ED-A4B0-C300B6ADA666}.Debug|Any CPU.Build.0 = Debug|Any CPU
		{3CDDBFA9-788A-40ED-A4B0-C300B6ADA666}.Release|Any CPU.ActiveCfg = Release|Any CPU
		{3CDDBFA9-788A-40ED-A4B0-C300B6ADA666}.Release|Any CPU.Build.0 = Release|Any CPU
		{D0E159D0-6EB3-4E56-8FFA-C314E8221727}.Debug|Any CPU.ActiveCfg = Debug|Any CPU
		{D0E159D0-6EB3-4E56-8FFA-C314E8221727}.Debug|Any CPU.Build.0 = Debug|Any CPU
		{D0E159D0-6EB3-4E56-8FFA-C314E8221727}.Release|Any CPU.ActiveCfg = Release|Any CPU
		{D0E159D0-6EB3-4E56-8FFA-C314E8221727}.Release|Any CPU.Build.0 = Release|Any CPU
		{92039047-CAD0-404F-8956-0F44386E1B24}.Debug|Any CPU.ActiveCfg = Debug|Any CPU
		{92039047-CAD0-404F-8956-0F44386E1B24}.Debug|Any CPU.Build.0 = Debug|Any CPU
		{92039047-CAD0-404F-8956-0F44386E1B24}.Release|Any CPU.ActiveCfg = Release|Any CPU
		{92039047-CAD0-404F-8956-0F44386E1B24}.Release|Any CPU.Build.0 = Release|Any CPU
		{1F1531D9-C33B-4745-89EF-7A8B4194F49A}.Debug|Any CPU.ActiveCfg = Debug|Any CPU
		{1F1531D9-C33B-4745-89EF-7A8B4194F49A}.Debug|Any CPU.Build.0 = Debug|Any CPU
		{1F1531D9-C33B-4745-89EF-7A8B4194F49A}.Release|Any CPU.ActiveCfg = Release|Any CPU
		{1F1531D9-C33B-4745-89EF-7A8B4194F49A}.Release|Any CPU.Build.0 = Release|Any CPU
	EndGlobalSection
	GlobalSection(SolutionProperties) = preSolution
		HideSolutionNode = FALSE
	EndGlobalSection
	GlobalSection(ExtensibilityGlobals) = postSolution
		SolutionGuid = {DBC564EF-0F1B-47FE-8CEC-589D64DFBC6E}
	EndGlobalSection
EndGlobal
