
Microsoft Visual Studio Solution File, Format Version 12.00
# Visual Studio 15
VisualStudioVersion = 15.0.27703.2035
MinimumVisualStudioVersion = 10.0.40219.1
Project("{FAE04EC0-301F-11D3-BF4B-00C04F79EFBC}") = "MM", "MM\MM.csproj", "{820553EE-D21C-472E-92CA-DCDC8CA83EBA}"
EndProject
Global
	GlobalSection(SolutionConfigurationPlatforms) = preSolution
		Debug|Any CPU = Debug|Any CPU
		Release|Any CPU = Release|Any CPU
	EndGlobalSection
	GlobalSection(ProjectConfigurationPlatforms) = postSolution
		{820553EE-D21C-472E-92CA-DCDC8CA83EBA}.Debug|Any CPU.ActiveCfg = Debug|Any CPU
		{820553EE-D21C-472E-92CA-DCDC8CA83EBA}.Debug|Any CPU.Build.0 = Debug|Any CPU
		{820553EE-D21C-472E-92CA-DCDC8CA83EBA}.Release|Any CPU.ActiveCfg = Release|Any CPU
		{820553EE-D21C-472E-92CA-DCDC8CA83EBA}.Release|Any CPU.Build.0 = Release|Any CPU
	EndGlobalSection
	GlobalSection(SolutionProperties) = preSolution
		HideSolutionNode = FALSE
	EndGlobalSection
	GlobalSection(ExtensibilityGlobals) = postSolution
		SolutionGuid = {DBC564EF-0F1B-47FE-8CEC-589D64DFBC6E}
	EndGlobalSection
EndGlobal
