
Microsoft Visual Studio Solution File, Format Version 12.00
# Visual Studio 15
VisualStudioVersion = 15.0.27703.2035
MinimumVisualStudioVersion = 10.0.40219.1
Project("{9A19103F-16F7-4668-BE54-9A1E7A4F7556}") = "MM.Helper", "MM.Helper\MM.Helper.csproj", "{84FCB435-A6FE-41D9-B32A-174B8A7F6072}"
EndProject
Project("{9A19103F-16F7-4668-BE54-9A1E7A4F7556}") = "MM", "MM\MM.csproj", "{A74607E5-B71F-4A1C-A59F-09F84AB5C284}"
EndProject
Project("{FAE04EC0-301F-11D3-BF4B-00C04F79EFBC}") = "MM.Engine", "MM.Engine\MM.Engine.csproj", "{7BDDDA3D-F824-42BC-913A-F4DBBB28CC64}"
EndProject
Project("{FAE04EC0-301F-11D3-BF4B-00C04F79EFBC}") = "MM.Crawler", "MM.Crawler\MM.Crawler.csproj", "{E995A0A2-99BF-45D5-A981-F0C128C7EF04}"
EndProject
Project("{FAE04EC0-301F-11D3-BF4B-00C04F79EFBC}") = "MM.Event", "MM.Event\MM.Event.csproj", "{C26F5629-FD3C-40CF-8B3C-53A352A8318D}"
EndProject
Project("{FAE04EC0-301F-11D3-BF4B-00C04F79EFBC}") = "MM.Check", "MM.Check\MM.Check.csproj", "{4CB94619-B8C7-4425-BB41-34D0E0B43949}"
EndProject
Project("{FAE04EC0-301F-11D3-BF4B-00C04F79EFBC}") = "MM.SQL", "MM.SQL\MM.SQL.csproj", "{CA88A903-A408-4C2F-8E66-D2D1E9DEC3A5}"
EndProject
Project("{FAE04EC0-301F-11D3-BF4B-00C04F79EFBC}") = "MM.API", "MM.API\MM.API.csproj", "{B0F28F06-A152-45E1-8593-8D62DED1A12B}"
EndProject
Project("{FAE04EC0-301F-11D3-BF4B-00C04F79EFBC}") = "MM.Plugin", "MM.Plugin\MM.Plugin.csproj", "{538B7D5C-04C5-4648-A9CB-CA850A411B32}"
EndProject
Global
	GlobalSection(SolutionConfigurationPlatforms) = preSolution
		Debug|Any CPU = Debug|Any CPU
		Release|Any CPU = Release|Any CPU
	EndGlobalSection
	GlobalSection(ProjectConfigurationPlatforms) = postSolution
		{84FCB435-A6FE-41D9-B32A-174B8A7F6072}.Debug|Any CPU.ActiveCfg = Debug|Any CPU
		{84FCB435-A6FE-41D9-B32A-174B8A7F6072}.Debug|Any CPU.Build.0 = Debug|Any CPU
		{84FCB435-A6FE-41D9-B32A-174B8A7F6072}.Release|Any CPU.ActiveCfg = Release|Any CPU
		{84FCB435-A6FE-41D9-B32A-174B8A7F6072}.Release|Any CPU.Build.0 = Release|Any CPU
		{A74607E5-B71F-4A1C-A59F-09F84AB5C284}.Debug|Any CPU.ActiveCfg = Debug|Any CPU
		{A74607E5-B71F-4A1C-A59F-09F84AB5C284}.Debug|Any CPU.Build.0 = Debug|Any CPU
		{A74607E5-B71F-4A1C-A59F-09F84AB5C284}.Release|Any CPU.ActiveCfg = Release|Any CPU
		{A74607E5-B71F-4A1C-A59F-09F84AB5C284}.Release|Any CPU.Build.0 = Release|Any CPU
		{7BDDDA3D-F824-42BC-913A-F4DBBB28CC64}.Debug|Any CPU.ActiveCfg = Debug|Any CPU
		{7BDDDA3D-F824-42BC-913A-F4DBBB28CC64}.Debug|Any CPU.Build.0 = Debug|Any CPU
		{7BDDDA3D-F824-42BC-913A-F4DBBB28CC64}.Release|Any CPU.ActiveCfg = Release|Any CPU
		{7BDDDA3D-F824-42BC-913A-F4DBBB28CC64}.Release|Any CPU.Build.0 = Release|Any CPU
		{E995A0A2-99BF-45D5-A981-F0C128C7EF04}.Debug|Any CPU.ActiveCfg = Debug|Any CPU
		{E995A0A2-99BF-45D5-A981-F0C128C7EF04}.Debug|Any CPU.Build.0 = Debug|Any CPU
		{E995A0A2-99BF-45D5-A981-F0C128C7EF04}.Release|Any CPU.ActiveCfg = Release|Any CPU
		{E995A0A2-99BF-45D5-A981-F0C128C7EF04}.Release|Any CPU.Build.0 = Release|Any CPU
		{C26F5629-FD3C-40CF-8B3C-53A352A8318D}.Debug|Any CPU.ActiveCfg = Debug|Any CPU
		{C26F5629-FD3C-40CF-8B3C-53A352A8318D}.Debug|Any CPU.Build.0 = Debug|Any CPU
		{C26F5629-FD3C-40CF-8B3C-53A352A8318D}.Release|Any CPU.ActiveCfg = Release|Any CPU
		{C26F5629-FD3C-40CF-8B3C-53A352A8318D}.Release|Any CPU.Build.0 = Release|Any CPU
		{4CB94619-B8C7-4425-BB41-34D0E0B43949}.Debug|Any CPU.ActiveCfg = Debug|Any CPU
		{4CB94619-B8C7-4425-BB41-34D0E0B43949}.Debug|Any CPU.Build.0 = Debug|Any CPU
		{4CB94619-B8C7-4425-BB41-34D0E0B43949}.Release|Any CPU.ActiveCfg = Release|Any CPU
		{4CB94619-B8C7-4425-BB41-34D0E0B43949}.Release|Any CPU.Build.0 = Release|Any CPU
		{CA88A903-A408-4C2F-8E66-D2D1E9DEC3A5}.Debug|Any CPU.ActiveCfg = Debug|Any CPU
		{CA88A903-A408-4C2F-8E66-D2D1E9DEC3A5}.Debug|Any CPU.Build.0 = Debug|Any CPU
		{CA88A903-A408-4C2F-8E66-D2D1E9DEC3A5}.Release|Any CPU.ActiveCfg = Release|Any CPU
		{CA88A903-A408-4C2F-8E66-D2D1E9DEC3A5}.Release|Any CPU.Build.0 = Release|Any CPU
		{B0F28F06-A152-45E1-8593-8D62DED1A12B}.Debug|Any CPU.ActiveCfg = Debug|Any CPU
		{B0F28F06-A152-45E1-8593-8D62DED1A12B}.Debug|Any CPU.Build.0 = Debug|Any CPU
		{B0F28F06-A152-45E1-8593-8D62DED1A12B}.Release|Any CPU.ActiveCfg = Release|Any CPU
		{B0F28F06-A152-45E1-8593-8D62DED1A12B}.Release|Any CPU.Build.0 = Release|Any CPU
		{538B7D5C-04C5-4648-A9CB-CA850A411B32}.Debug|Any CPU.ActiveCfg = Debug|Any CPU
		{538B7D5C-04C5-4648-A9CB-CA850A411B32}.Debug|Any CPU.Build.0 = Debug|Any CPU
		{538B7D5C-04C5-4648-A9CB-CA850A411B32}.Release|Any CPU.ActiveCfg = Release|Any CPU
		{538B7D5C-04C5-4648-A9CB-CA850A411B32}.Release|Any CPU.Build.0 = Release|Any CPU
	EndGlobalSection
	GlobalSection(SolutionProperties) = preSolution
		HideSolutionNode = FALSE
	EndGlobalSection
	GlobalSection(ExtensibilityGlobals) = postSolution
		SolutionGuid = {DBC564EF-0F1B-47FE-8CEC-589D64DFBC6E}
	EndGlobalSection
EndGlobal
